// !$*UTF8*$!
{
	archiveVersion = 1;
	classes = {
	};
	objectVersion = 50;
	objects = {

/* Begin PBXBuildFile section */
		C7794B082632F8B600199613 /* AppDelegate.swift in Sources */ = {isa = PBXBuildFile; fileRef = C7794B072632F8B600199613 /* AppDelegate.swift */; };
		C7794B0A2632F8B600199613 /* SceneDelegate.swift in Sources */ = {isa = PBXBuildFile; fileRef = C7794B092632F8B600199613 /* SceneDelegate.swift */; };
		C7794B0C2632F8B600199613 /* ViewController.swift in Sources */ = {isa = PBXBuildFile; fileRef = C7794B0B2632F8B600199613 /* ViewController.swift */; };
		C7794B0F2632F8B600199613 /* Main.storyboard in Resources */ = {isa = PBXBuildFile; fileRef = C7794B0D2632F8B600199613 /* Main.storyboard */; };
		C7794B112632F8B800199613 /* Assets.xcassets in Resources */ = {isa = PBXBuildFile; fileRef = C7794B102632F8B800199613 /* Assets.xcassets */; };
		C7794B142632F8B800199613 /* LaunchScreen.storyboard in Resources */ = {isa = PBXBuildFile; fileRef = C7794B122632F8B800199613 /* LaunchScreen.storyboard */; };
		C7794B1F2632F8B800199613 /* TDDExampleTests.swift in Sources */ = {isa = PBXBuildFile; fileRef = C7794B1E2632F8B800199613 /* TDDExampleTests.swift */; };
		C7794B2A2632F8B800199613 /* TDDExampleUITests.swift in Sources */ = {isa = PBXBuildFile; fileRef = C7794B292632F8B800199613 /* TDDExampleUITests.swift */; };
		C7794B3B2632F8D200199613 /* Dollar.swift in Sources */ = {isa = PBXBuildFile; fileRef = C7794B3A2632F8D200199613 /* Dollar.swift */; };
		C7794B402635841500199613 /* Franc.swift in Sources */ = {isa = PBXBuildFile; fileRef = C7794B3F2635841500199613 /* Franc.swift */; };
		C7794B452635856300199613 /* Money.swift in Sources */ = {isa = PBXBuildFile; fileRef = C7794B442635856300199613 /* Money.swift */; };
/* End PBXBuildFile section */

/* Begin PBXContainerItemProxy section */
		C7794B1B2632F8B800199613 /* PBXContainerItemProxy */ = {
			isa = PBXContainerItemProxy;
			containerPortal = C7794AFC2632F8B600199613 /* Project object */;
			proxyType = 1;
			remoteGlobalIDString = C7794B032632F8B600199613;
			remoteInfo = TDDExample;
		};
		C7794B262632F8B800199613 /* PBXContainerItemProxy */ = {
			isa = PBXContainerItemProxy;
			containerPortal = C7794AFC2632F8B600199613 /* Project object */;
			proxyType = 1;
			remoteGlobalIDString = C7794B032632F8B600199613;
			remoteInfo = TDDExample;
		};
/* End PBXContainerItemProxy section */

/* Begin PBXFileReference section */
		C7794B042632F8B600199613 /* TDDExample.app */ = {isa = PBXFileReference; explicitFileType = wrapper.application; includeInIndex = 0; path = TDDExample.app; sourceTree = BUILT_PRODUCTS_DIR; };
		C7794B072632F8B600199613 /* AppDelegate.swift */ = {isa = PBXFileReference; lastKnownFileType = sourcecode.swift; path = AppDelegate.swift; sourceTree = "<group>"; };
		C7794B092632F8B600199613 /* SceneDelegate.swift */ = {isa = PBXFileReference; lastKnownFileType = sourcecode.swift; path = SceneDelegate.swift; sourceTree = "<group>"; };
		C7794B0B2632F8B600199613 /* ViewController.swift */ = {isa = PBXFileReference; lastKnownFileType = sourcecode.swift; path = ViewController.swift; sourceTree = "<group>"; };
		C7794B0E2632F8B600199613 /* Base */ = {isa = PBXFileReference; lastKnownFileType = file.storyboard; name = Base; path = Base.lproj/Main.storyboard; sourceTree = "<group>"; };
		C7794B102632F8B800199613 /* Assets.xcassets */ = {isa = PBXFileReference; lastKnownFileType = folder.assetcatalog; path = Assets.xcassets; sourceTree = "<group>"; };
		C7794B132632F8B800199613 /* Base */ = {isa = PBXFileReference; lastKnownFileType = file.storyboard; name = Base; path = Base.lproj/LaunchScreen.storyboard; sourceTree = "<group>"; };
		C7794B152632F8B800199613 /* Info.plist */ = {isa = PBXFileReference; lastKnownFileType = text.plist.xml; path = Info.plist; sourceTree = "<group>"; };
		C7794B1A2632F8B800199613 /* TDDExampleTests.xctest */ = {isa = PBXFileReference; explicitFileType = wrapper.cfbundle; includeInIndex = 0; path = TDDExampleTests.xctest; sourceTree = BUILT_PRODUCTS_DIR; };
		C7794B1E2632F8B800199613 /* TDDExampleTests.swift */ = {isa = PBXFileReference; lastKnownFileType = sourcecode.swift; path = TDDExampleTests.swift; sourceTree = "<group>"; };
		C7794B202632F8B800199613 /* Info.plist */ = {isa = PBXFileReference; lastKnownFileType = text.plist.xml; path = Info.plist; sourceTree = "<group>"; };
		C7794B252632F8B800199613 /* TDDExampleUITests.xctest */ = {isa = PBXFileReference; explicitFileType = wrapper.cfbundle; includeInIndex = 0; path = TDDExampleUITests.xctest; sourceTree = BUILT_PRODUCTS_DIR; };
		C7794B292632F8B800199613 /* TDDExampleUITests.swift */ = {isa = PBXFileReference; lastKnownFileType = sourcecode.swift; path = TDDExampleUITests.swift; sourceTree = "<group>"; };
		C7794B2B2632F8B800199613 /* Info.plist */ = {isa = PBXFileReference; lastKnownFileType = text.plist.xml; path = Info.plist; sourceTree = "<group>"; };
		C7794B3A2632F8D200199613 /* Dollar.swift */ = {isa = PBXFileReference; lastKnownFileType = sourcecode.swift; path = Dollar.swift; sourceTree = "<group>"; };
		C7794B3F2635841500199613 /* Franc.swift */ = {isa = PBXFileReference; lastKnownFileType = sourcecode.swift; path = Franc.swift; sourceTree = "<group>"; };
		C7794B442635856300199613 /* Money.swift */ = {isa = PBXFileReference; lastKnownFileType = sourcecode.swift; path = Money.swift; sourceTree = "<group>"; };
/* End PBXFileReference section */

/* Begin PBXFrameworksBuildPhase section */
		C7794B012632F8B600199613 /* Frameworks */ = {
			isa = PBXFrameworksBuildPhase;
			buildActionMask = 2147483647;
			files = (
			);
			runOnlyForDeploymentPostprocessing = 0;
		};
		C7794B172632F8B800199613 /* Frameworks */ = {
			isa = PBXFrameworksBuildPhase;
			buildActionMask = 2147483647;
			files = (
			);
			runOnlyForDeploymentPostprocessing = 0;
		};
		C7794B222632F8B800199613 /* Frameworks */ = {
			isa = PBXFrameworksBuildPhase;
			buildActionMask = 2147483647;
			files = (
			);
			runOnlyForDeploymentPostprocessing = 0;
		};
/* End PBXFrameworksBuildPhase section */

/* Begin PBXGroup section */
		C7794AFB2632F8B600199613 = {
			isa = PBXGroup;
			children = (
				C7794B062632F8B600199613 /* TDDExample */,
				C7794B1D2632F8B800199613 /* TDDExampleTests */,
				C7794B282632F8B800199613 /* TDDExampleUITests */,
				C7794B052632F8B600199613 /* Products */,
			);
			sourceTree = "<group>";
		};
		C7794B052632F8B600199613 /* Products */ = {
			isa = PBXGroup;
			children = (
				C7794B042632F8B600199613 /* TDDExample.app */,
				C7794B1A2632F8B800199613 /* TDDExampleTests.xctest */,
				C7794B252632F8B800199613 /* TDDExampleUITests.xctest */,
			);
			name = Products;
			sourceTree = "<group>";
		};
		C7794B062632F8B600199613 /* TDDExample */ = {
			isa = PBXGroup;
			children = (
				C7794B072632F8B600199613 /* AppDelegate.swift */,
				C7794B092632F8B600199613 /* SceneDelegate.swift */,
				C7794B0B2632F8B600199613 /* ViewController.swift */,
				C7794B0D2632F8B600199613 /* Main.storyboard */,
				C7794B102632F8B800199613 /* Assets.xcassets */,
				C7794B122632F8B800199613 /* LaunchScreen.storyboard */,
				C7794B152632F8B800199613 /* Info.plist */,
				C7794B3A2632F8D200199613 /* Dollar.swift */,
				C7794B3F2635841500199613 /* Franc.swift */,
				C7794B442635856300199613 /* Money.swift */,
			);
			path = TDDExample;
			sourceTree = "<group>";
		};
		C7794B1D2632F8B800199613 /* TDDExampleTests */ = {
			isa = PBXGroup;
			children = (
				C7794B1E2632F8B800199613 /* TDDExampleTests.swift */,
				C7794B202632F8B800199613 /* Info.plist */,
			);
			path = TDDExampleTests;
			sourceTree = "<group>";
		};
		C7794B282632F8B800199613 /* TDDExampleUITests */ = {
			isa = PBXGroup;
			children = (
				C7794B292632F8B800199613 /* TDDExampleUITests.swift */,
				C7794B2B2632F8B800199613 /* Info.plist */,
			);
			path = TDDExampleUITests;
			sourceTree = "<group>";
		};
/* End PBXGroup section */

/* Begin PBXNativeTarget section */
		C7794B032632F8B600199613 /* TDDExample */ = {
			isa = PBXNativeTarget;
			buildConfigurationList = C7794B2E2632F8B800199613 /* Build configuration list for PBXNativeTarget "TDDExample" */;
			buildPhases = (
				C7794B002632F8B600199613 /* Sources */,
				C7794B012632F8B600199613 /* Frameworks */,
				C7794B022632F8B600199613 /* Resources */,
			);
			buildRules = (
			);
			dependencies = (
			);
			name = TDDExample;
			productName = TDDExample;
			productReference = C7794B042632F8B600199613 /* TDDExample.app */;
			productType = "com.apple.product-type.application";
		};
		C7794B192632F8B800199613 /* TDDExampleTests */ = {
			isa = PBXNativeTarget;
			buildConfigurationList = C7794B312632F8B800199613 /* Build configuration list for PBXNativeTarget "TDDExampleTests" */;
			buildPhases = (
				C7794B162632F8B800199613 /* Sources */,
				C7794B172632F8B800199613 /* Frameworks */,
				C7794B182632F8B800199613 /* Resources */,
			);
			buildRules = (
			);
			dependencies = (
				C7794B1C2632F8B800199613 /* PBXTargetDependency */,
			);
			name = TDDExampleTests;
			productName = TDDExampleTests;
			productReference = C7794B1A2632F8B800199613 /* TDDExampleTests.xctest */;
			productType = "com.apple.product-type.bundle.unit-test";
		};
		C7794B242632F8B800199613 /* TDDExampleUITests */ = {
			isa = PBXNativeTarget;
			buildConfigurationList = C7794B342632F8B800199613 /* Build configuration list for PBXNativeTarget "TDDExampleUITests" */;
			buildPhases = (
				C7794B212632F8B800199613 /* Sources */,
				C7794B222632F8B800199613 /* Frameworks */,
				C7794B232632F8B800199613 /* Resources */,
			);
			buildRules = (
			);
			dependencies = (
				C7794B272632F8B800199613 /* PBXTargetDependency */,
			);
			name = TDDExampleUITests;
			productName = TDDExampleUITests;
			productReference = C7794B252632F8B800199613 /* TDDExampleUITests.xctest */;
			productType = "com.apple.product-type.bundle.ui-testing";
		};
/* End PBXNativeTarget section */

/* Begin PBXProject section */
		C7794AFC2632F8B600199613 /* Project object */ = {
			isa = PBXProject;
			attributes = {
				LastSwiftUpdateCheck = 1240;
				LastUpgradeCheck = 1240;
				TargetAttributes = {
					C7794B032632F8B600199613 = {
						CreatedOnToolsVersion = 12.4;
					};
					C7794B192632F8B800199613 = {
						CreatedOnToolsVersion = 12.4;
						TestTargetID = C7794B032632F8B600199613;
					};
					C7794B242632F8B800199613 = {
						CreatedOnToolsVersion = 12.4;
						TestTargetID = C7794B032632F8B600199613;
					};
				};
			};
			buildConfigurationList = C7794AFF2632F8B600199613 /* Build configuration list for PBXProject "TDDExample" */;
			compatibilityVersion = "Xcode 9.3";
			developmentRegion = en;
			hasScannedForEncodings = 0;
			knownRegions = (
				en,
				Base,
			);
			mainGroup = C7794AFB2632F8B600199613;
			productRefGroup = C7794B052632F8B600199613 /* Products */;
			projectDirPath = "";
			projectRoot = "";
			targets = (
				C7794B032632F8B600199613 /* TDDExample */,
				C7794B192632F8B800199613 /* TDDExampleTests */,
				C7794B242632F8B800199613 /* TDDExampleUITests */,
			);
		};
/* End PBXProject section */

/* Begin PBXResourcesBuildPhase section */
		C7794B022632F8B600199613 /* Resources */ = {
			isa = PBXResourcesBuildPhase;
			buildActionMask = 2147483647;
			files = (
				C7794B142632F8B800199613 /* LaunchScreen.storyboard in Resources */,
				C7794B112632F8B800199613 /* Assets.xcassets in Resources */,
				C7794B0F2632F8B600199613 /* Main.storyboard in Resources */,
			);
			runOnlyForDeploymentPostprocessing = 0;
		};
		C7794B182632F8B800199613 /* Resources */ = {
			isa = PBXResourcesBuildPhase;
			buildActionMask = 2147483647;
			files = (
			);
			runOnlyForDeploymentPostprocessing = 0;
		};
		C7794B232632F8B800199613 /* Resources */ = {
			isa = PBXResourcesBuildPhase;
			buildActionMask = 2147483647;
			files = (
			);
			runOnlyForDeploymentPostprocessing = 0;
		};
/* End PBXResourcesBuildPhase section */

/* Begin PBXSourcesBuildPhase section */
		C7794B002632F8B600199613 /* Sources */ = {
			isa = PBXSourcesBuildPhase;
			buildActionMask = 2147483647;
			files = (
				C7794B452635856300199613 /* Money.swift in Sources */,
				C7794B0C2632F8B600199613 /* ViewController.swift in Sources */,
				C7794B3B2632F8D200199613 /* Dollar.swift in Sources */,
				C7794B402635841500199613 /* Franc.swift in Sources */,
				C7794B082632F8B600199613 /* AppDelegate.swift in Sources */,
				C7794B0A2632F8B600199613 /* SceneDelegate.swift in Sources */,
			);
			runOnlyForDeploymentPostprocessing = 0;
		};
		C7794B162632F8B800199613 /* Sources */ = {
			isa = PBXSourcesBuildPhase;
			buildActionMask = 2147483647;
			files = (
				C7794B1F2632F8B800199613 /* TDDExampleTests.swift in Sources */,
			);
			runOnlyForDeploymentPostprocessing = 0;
		};
		C7794B212632F8B800199613 /* Sources */ = {
			isa = PBXSourcesBuildPhase;
			buildActionMask = 2147483647;
			files = (
				C7794B2A2632F8B800199613 /* TDDExampleUITests.swift in Sources */,
			);
			runOnlyForDeploymentPostprocessing = 0;
		};
/* End PBXSourcesBuildPhase section */

/* Begin PBXTargetDependency section */
		C7794B1C2632F8B800199613 /* PBXTargetDependency */ = {
			isa = PBXTargetDependency;
			target = C7794B032632F8B600199613 /* TDDExample */;
			targetProxy = C7794B1B2632F8B800199613 /* PBXContainerItemProxy */;
		};
		C7794B272632F8B800199613 /* PBXTargetDependency */ = {
			isa = PBXTargetDependency;
			target = C7794B032632F8B600199613 /* TDDExample */;
			targetProxy = C7794B262632F8B800199613 /* PBXContainerItemProxy */;
		};
/* End PBXTargetDependency section */

/* Begin PBXVariantGroup section */
		C7794B0D2632F8B600199613 /* Main.storyboard */ = {
			isa = PBXVariantGroup;
			children = (
				C7794B0E2632F8B600199613 /* Base */,
			);
			name = Main.storyboard;
			sourceTree = "<group>";
		};
		C7794B122632F8B800199613 /* LaunchScreen.storyboard */ = {
			isa = PBXVariantGroup;
			children = (
				C7794B132632F8B800199613 /* Base */,
			);
			name = LaunchScreen.storyboard;
			sourceTree = "<group>";
		};
/* End PBXVariantGroup section */

/* Begin XCBuildConfiguration section */
		C7794B2C2632F8B800199613 /* Debug */ = {
			isa = XCBuildConfiguration;
			buildSettings = {
				ALWAYS_SEARCH_USER_PATHS = NO;
				CLANG_ANALYZER_NONNULL = YES;
				CLANG_ANALYZER_NUMBER_OBJECT_CONVERSION = YES_AGGRESSIVE;
				CLANG_CXX_LANGUAGE_STANDARD = "gnu++14";
				CLANG_CXX_LIBRARY = "libc++";
				CLANG_ENABLE_MODULES = YES;
				CLANG_ENABLE_OBJC_ARC = YES;
				CLANG_ENABLE_OBJC_WEAK = YES;
				CLANG_WARN_BLOCK_CAPTURE_AUTORELEASING = YES;
				CLANG_WARN_BOOL_CONVERSION = YES;
				CLANG_WARN_COMMA = YES;
				CLANG_WARN_CONSTANT_CONVERSION = YES;
				CLANG_WARN_DEPRECATED_OBJC_IMPLEMENTATIONS = YES;
				CLANG_WARN_DIRECT_OBJC_ISA_USAGE = YES_ERROR;
				CLANG_WARN_DOCUMENTATION_COMMENTS = YES;
				CLANG_WARN_EMPTY_BODY = YES;
				CLANG_WARN_ENUM_CONVERSION = YES;
				CLANG_WARN_INFINITE_RECURSION = YES;
				CLANG_WARN_INT_CONVERSION = YES;
				CLANG_WARN_NON_LITERAL_NULL_CONVERSION = YES;
				CLANG_WARN_OBJC_IMPLICIT_RETAIN_SELF = YES;
				CLANG_WARN_OBJC_LITERAL_CONVERSION = YES;
				CLANG_WARN_OBJC_ROOT_CLASS = YES_ERROR;
				CLANG_WARN_QUOTED_INCLUDE_IN_FRAMEWORK_HEADER = YES;
				CLANG_WARN_RANGE_LOOP_ANALYSIS = YES;
				CLANG_WARN_STRICT_PROTOTYPES = YES;
				CLANG_WARN_SUSPICIOUS_MOVE = YES;
				CLANG_WARN_UNGUARDED_AVAILABILITY = YES_AGGRESSIVE;
				CLANG_WARN_UNREACHABLE_CODE = YES;
				CLANG_WARN__DUPLICATE_METHOD_MATCH = YES;
				COPY_PHASE_STRIP = NO;
				DEBUG_INFORMATION_FORMAT = dwarf;
				ENABLE_STRICT_OBJC_MSGSEND = YES;
				ENABLE_TESTABILITY = YES;
				GCC_C_LANGUAGE_STANDARD = gnu11;
				GCC_DYNAMIC_NO_PIC = NO;
				GCC_NO_COMMON_BLOCKS = YES;
				GCC_OPTIMIZATION_LEVEL = 0;
				GCC_PREPROCESSOR_DEFINITIONS = (
					"DEBUG=1",
					"$(inherited)",
				);
				GCC_WARN_64_TO_32_BIT_CONVERSION = YES;
				GCC_WARN_ABOUT_RETURN_TYPE = YES_ERROR;
				GCC_WARN_UNDECLARED_SELECTOR = YES;
				GCC_WARN_UNINITIALIZED_AUTOS = YES_AGGRESSIVE;
				GCC_WARN_UNUSED_FUNCTION = YES;
				GCC_WARN_UNUSED_VARIABLE = YES;
				IPHONEOS_DEPLOYMENT_TARGET = 14.4;
				MTL_ENABLE_DEBUG_INFO = INCLUDE_SOURCE;
				MTL_FAST_MATH = YES;
				ONLY_ACTIVE_ARCH = YES;
				SDKROOT = iphoneos;
				SWIFT_ACTIVE_COMPILATION_CONDITIONS = DEBUG;
				SWIFT_OPTIMIZATION_LEVEL = "-Onone";
			};
			name = Debug;
		};
		C7794B2D2632F8B800199613 /* Release */ = {
			isa = XCBuildConfiguration;
			buildSettings = {
				ALWAYS_SEARCH_USER_PATHS = NO;
				CLANG_ANALYZER_NONNULL = YES;
				CLANG_ANALYZER_NUMBER_OBJECT_CONVERSION = YES_AGGRESSIVE;
				CLANG_CXX_LANGUAGE_STANDARD = "gnu++14";
				CLANG_CXX_LIBRARY = "libc++";
				CLANG_ENABLE_MODULES = YES;
				CLANG_ENABLE_OBJC_ARC = YES;
				CLANG_ENABLE_OBJC_WEAK = YES;
				CLANG_WARN_BLOCK_CAPTURE_AUTORELEASING = YES;
				CLANG_WARN_BOOL_CONVERSION = YES;
				CLANG_WARN_COMMA = YES;
				CLANG_WARN_CONSTANT_CONVERSION = YES;
				CLANG_WARN_DEPRECATED_OBJC_IMPLEMENTATIONS = YES;
				CLANG_WARN_DIRECT_OBJC_ISA_USAGE = YES_ERROR;
				CLANG_WARN_DOCUMENTATION_COMMENTS = YES;
				CLANG_WARN_EMPTY_BODY = YES;
				CLANG_WARN_ENUM_CONVERSION = YES;
				CLANG_WARN_INFINITE_RECURSION = YES;
				CLANG_WARN_INT_CONVERSION = YES;
				CLANG_WARN_NON_LITERAL_NULL_CONVERSION = YES;
				CLANG_WARN_OBJC_IMPLICIT_RETAIN_SELF = YES;
				CLANG_WARN_OBJC_LITERAL_CONVERSION = YES;
				CLANG_WARN_OBJC_ROOT_CLASS = YES_ERROR;
				CLANG_WARN_QUOTED_INCLUDE_IN_FRAMEWORK_HEADER = YES;
				CLANG_WARN_RANGE_LOOP_ANALYSIS = YES;
				CLANG_WARN_STRICT_PROTOTYPES = YES;
				CLANG_WARN_SUSPICIOUS_MOVE = YES;
				CLANG_WARN_UNGUARDED_AVAILABILITY = YES_AGGRESSIVE;
				CLANG_WARN_UNREACHABLE_CODE = YES;
				CLANG_WARN__DUPLICATE_METHOD_MATCH = YES;
				COPY_PHASE_STRIP = NO;
				DEBUG_INFORMATION_FORMAT = "dwarf-with-dsym";
				ENABLE_NS_ASSERTIONS = NO;
				ENABLE_STRICT_OBJC_MSGSEND = YES;
				GCC_C_LANGUAGE_STANDARD = gnu11;
				GCC_NO_COMMON_BLOCKS = YES;
				GCC_WARN_64_TO_32_BIT_CONVERSION = YES;
				GCC_WARN_ABOUT_RETURN_TYPE = YES_ERROR;
				GCC_WARN_UNDECLARED_SELECTOR = YES;
				GCC_WARN_UNINITIALIZED_AUTOS = YES_AGGRESSIVE;
				GCC_WARN_UNUSED_FUNCTION = YES;
				GCC_WARN_UNUSED_VARIABLE = YES;
				IPHONEOS_DEPLOYMENT_TARGET = 14.4;
				MTL_ENABLE_DEBUG_INFO = NO;
				MTL_FAST_MATH = YES;
				SDKROOT = iphoneos;
				SWIFT_COMPILATION_MODE = wholemodule;
				SWIFT_OPTIMIZATION_LEVEL = "-O";
				VALIDATE_PRODUCT = YES;
			};
			name = Release;
		};
		C7794B2F2632F8B800199613 /* Debug */ = {
			isa = XCBuildConfiguration;
			buildSettings = {
				ASSETCATALOG_COMPILER_APPICON_NAME = AppIcon;
				ASSETCATALOG_COMPILER_GLOBAL_ACCENT_COLOR_NAME = AccentColor;
				CODE_SIGN_STYLE = Automatic;
				INFOPLIST_FILE = TDDExample/Info.plist;
				LD_RUNPATH_SEARCH_PATHS = (
					"$(inherited)",
					"@executable_path/Frameworks",
				);
				PRODUCT_BUNDLE_IDENTIFIER = dev.tdoz.TDDExample;
				PRODUCT_NAME = "$(TARGET_NAME)";
				SWIFT_VERSION = 5.0;
				TARGETED_DEVICE_FAMILY = "1,2";
			};
			name = Debug;
		};
		C7794B302632F8B800199613 /* Release */ = {
			isa = XCBuildConfiguration;
			buildSettings = {
				ASSETCATALOG_COMPILER_APPICON_NAME = AppIcon;
				ASSETCATALOG_COMPILER_GLOBAL_ACCENT_COLOR_NAME = AccentColor;
				CODE_SIGN_STYLE = Automatic;
				INFOPLIST_FILE = TDDExample/Info.plist;
				LD_RUNPATH_SEARCH_PATHS = (
					"$(inherited)",
					"@executable_path/Frameworks",
				);
				PRODUCT_BUNDLE_IDENTIFIER = dev.tdoz.TDDExample;
				PRODUCT_NAME = "$(TARGET_NAME)";
				SWIFT_VERSION = 5.0;
				TARGETED_DEVICE_FAMILY = "1,2";
			};
			name = Release;
		};
		C7794B322632F8B800199613 /* Debug */ = {
			isa = XCBuildConfiguration;
			buildSettings = {
				ALWAYS_EMBED_SWIFT_STANDARD_LIBRARIES = YES;
				BUNDLE_LOADER = "$(TEST_HOST)";
				CODE_SIGN_STYLE = Automatic;
				INFOPLIST_FILE = TDDExampleTests/Info.plist;
				IPHONEOS_DEPLOYMENT_TARGET = 14.4;
				LD_RUNPATH_SEARCH_PATHS = (
					"$(inherited)",
					"@executable_path/Frameworks",
					"@loader_path/Frameworks",
				);
				PRODUCT_BUNDLE_IDENTIFIER = dev.tdoz.TDDExampleTests;
				PRODUCT_NAME = "$(TARGET_NAME)";
				SWIFT_VERSION = 5.0;
				TARGETED_DEVICE_FAMILY = "1,2";
				TEST_HOST = "$(BUILT_PRODUCTS_DIR)/TDDExample.app/TDDExample";
			};
			name = Debug;
		};
		C7794B332632F8B800199613 /* Release */ = {
			isa = XCBuildConfiguration;
			buildSettings = {
				ALWAYS_EMBED_SWIFT_STANDARD_LIBRARIES = YES;
				BUNDLE_LOADER = "$(TEST_HOST)";
				CODE_SIGN_STYLE = Automatic;
				INFOPLIST_FILE = TDDExampleTests/Info.plist;
				IPHONEOS_DEPLOYMENT_TARGET = 14.4;
				LD_RUNPATH_SEARCH_PATHS = (
					"$(inherited)",
					"@executable_path/Frameworks",
					"@loader_path/Frameworks",
				);
				PRODUCT_BUNDLE_IDENTIFIER = dev.tdoz.TDDExampleTests;
				PRODUCT_NAME = "$(TARGET_NAME)";
				SWIFT_VERSION = 5.0;
				TARGETED_DEVICE_FAMILY = "1,2";
				TEST_HOST = "$(BUILT_PRODUCTS_DIR)/TDDExample.app/TDDExample";
			};
			name = Release;
		};
		C7794B352632F8B800199613 /* Debug */ = {
			isa = XCBuildConfiguration;
			buildSettings = {
				ALWAYS_EMBED_SWIFT_STANDARD_LIBRARIES = YES;
				CODE_SIGN_STYLE = Automatic;
				INFOPLIST_FILE = TDDExampleUITests/Info.plist;
				LD_RUNPATH_SEARCH_PATHS = (
					"$(inherited)",
					"@executable_path/Frameworks",
					"@loader_path/Frameworks",
				);
				PRODUCT_BUNDLE_IDENTIFIER = dev.tdoz.TDDExampleUITests;
				PRODUCT_NAME = "$(TARGET_NAME)";
				SWIFT_VERSION = 5.0;
				TARGETED_DEVICE_FAMILY = "1,2";
				TEST_TARGET_NAME = TDDExample;
			};
			name = Debug;
		};
		C7794B362632F8B800199613 /* Release */ = {
			isa = XCBuildConfiguration;
			buildSettings = {
				ALWAYS_EMBED_SWIFT_STANDARD_LIBRARIES = YES;
				CODE_SIGN_STYLE = Automatic;
				INFOPLIST_FILE = TDDExampleUITests/Info.plist;
				LD_RUNPATH_SEARCH_PATHS = (
					"$(inherited)",
					"@executable_path/Frameworks",
					"@loader_path/Frameworks",
				);
				PRODUCT_BUNDLE_IDENTIFIER = dev.tdoz.TDDExampleUITests;
				PRODUCT_NAME = "$(TARGET_NAME)";
				SWIFT_VERSION = 5.0;
				TARGETED_DEVICE_FAMILY = "1,2";
				TEST_TARGET_NAME = TDDExample;
			};
			name = Release;
		};
/* End XCBuildConfiguration section */

/* Begin XCConfigurationList section */
		C7794AFF2632F8B600199613 /* Build configuration list for PBXProject "TDDExample" */ = {
			isa = XCConfigurationList;
			buildConfigurations = (
				C7794B2C2632F8B800199613 /* Debug */,
				C7794B2D2632F8B800199613 /* Release */,
			);
			defaultConfigurationIsVisible = 0;
			defaultConfigurationName = Release;
		};
		C7794B2E2632F8B800199613 /* Build configuration list for PBXNativeTarget "TDDExample" */ = {
			isa = XCConfigurationList;
			buildConfigurations = (
				C7794B2F2632F8B800199613 /* Debug */,
				C7794B302632F8B800199613 /* Release */,
			);
			defaultConfigurationIsVisible = 0;
			defaultConfigurationName = Release;
		};
		C7794B312632F8B800199613 /* Build configuration list for PBXNativeTarget "TDDExampleTests" */ = {
			isa = XCConfigurationList;
			buildConfigurations = (
				C7794B322632F8B800199613 /* Debug */,
				C7794B332632F8B800199613 /* Release */,
			);
			defaultConfigurationIsVisible = 0;
			defaultConfigurationName = Release;
		};
		C7794B342632F8B800199613 /* Build configuration list for PBXNativeTarget "TDDExampleUITests" */ = {
			isa = XCConfigurationList;
			buildConfigurations = (
				C7794B352632F8B800199613 /* Debug */,
				C7794B362632F8B800199613 /* Release */,
			);
			defaultConfigurationIsVisible = 0;
			defaultConfigurationName = Release;
		};
/* End XCConfigurationList section */
	};
	rootObject = C7794AFC2632F8B600199613 /* Project object */;
}
